
Microsoft Visual Studio Solution File, Format Version 12.00
# Visual Studio Version 16
VisualStudioVersion = 16.0.31515.178
MinimumVisualStudioVersion = 10.0.40219.1
Project("{FAE04EC0-301F-11D3-BF4B-00C04F79EFBC}") = "PClicker", "PClicker\PClicker.csproj", "{3FA8740A-3BBE-46FB-9C25-988DAD8F3955}"
EndProject
Global
	GlobalSection(SolutionConfigurationPlatforms) = preSolution
		Debug|Any CPU = Debug|Any CPU
		Release|Any CPU = Release|Any CPU
	EndGlobalSection
	GlobalSection(ProjectConfigurationPlatforms) = postSolution
		{3FA8740A-3BBE-46FB-9C25-988DAD8F3955}.Debug|Any CPU.ActiveCfg = Debug|Any CPU
		{3FA8740A-3BBE-46FB-9C25-988DAD8F3955}.Debug|Any CPU.Build.0 = Debug|Any CPU
		{3FA8740A-3BBE-46FB-9C25-988DAD8F3955}.Release|Any CPU.ActiveCfg = Release|Any CPU
		{3FA8740A-3BBE-46FB-9C25-988DAD8F3955}.Release|Any CPU.Build.0 = Release|Any CPU
	EndGlobalSection
	GlobalSection(SolutionProperties) = preSolution
		HideSolutionNode = FALSE
	EndGlobalSection
	GlobalSection(ExtensibilityGlobals) = postSolution
		SolutionGuid = {09C5518D-1179-471C-AE9A-A0E96F3108E8}
	EndGlobalSection
EndGlobal
